// !$*UTF8*$!
{
	archiveVersion = 1;
	classes = {
	};
	objectVersion = 46;
	objects = {

/* Begin PBXBuildFile section */
		0207DA581B56EA530066E2B4 /* Images.xcassets in Resources */ = {isa = PBXBuildFile; fileRef = 0207DA571B56EA530066E2B4 /* Images.xcassets */; };
		1D3623260D0F684500981E51 /* AppDelegate.m in Sources */ = {isa = PBXBuildFile; fileRef = 1D3623250D0F684500981E51 /* AppDelegate.m */; };
		1D60589B0D05DD56006BFB54 /* main.m in Sources */ = {isa = PBXBuildFile; fileRef = 29B97316FDCFA39411CA2CEA /* main.m */; };
		301BF552109A68D80062928A /* libCordova.a in Frameworks */ = {isa = PBXBuildFile; fileRef = 301BF535109A57CC0062928A /* libCordova.a */; settings = {ATTRIBUTES = (Required, ); }; };
		302D95F114D2391D003F00A1 /* MainViewController.m in Sources */ = {isa = PBXBuildFile; fileRef = 302D95EF14D2391D003F00A1 /* MainViewController.m */; };
		302D95F214D2391D003F00A1 /* MainViewController.xib in Resources */ = {isa = PBXBuildFile; fileRef = 302D95F014D2391D003F00A1 /* MainViewController.xib */; };
		6AFF5BF91D6E424B00AB3073 /* CDVLaunchScreen.storyboard in Resources */ = {isa = PBXBuildFile; fileRef = 6AFF5BF81D6E424B00AB3073 /* CDVLaunchScreen.storyboard */; };
		8BD969B2121843C784D61887 /* PhotoViewer.m in Sources */ = {isa = PBXBuildFile; fileRef = 16A0032632504A658059EC74 /* PhotoViewer.m */; };
		AF6F8FF70AEB4E73AF63FED9 /* AudioRecorderPlugin.m in Sources */ = {isa = PBXBuildFile; fileRef = E22A728CB920415C83D53BAC /* AudioRecorderPlugin.m */; };
		F5737BD835D14FD28F6749B8 /* AudioRecorderVC.m in Sources */ = {isa = PBXBuildFile; fileRef = DFE131D9199043C38E57389E /* AudioRecorderVC.m */; };
		64745552871C441E84D9E0A3 /* OSAudioRecorder.bundle in Resources */ = {isa = PBXBuildFile; fileRef = 946A7F325AEC460D94C2ABFB /* OSAudioRecorder.bundle */; };
		B84D748352A841C686AC1DEC /* UIImage+CropScaleOrientation.m in Sources */ = {isa = PBXBuildFile; fileRef = B26E564682374CD0BEDCD291 /* UIImage+CropScaleOrientation.m */; };
		467599D46C6740858166A0DB /* CDVCamera.m in Sources */ = {isa = PBXBuildFile; fileRef = 2FC5DF86A108433DBA07A9EB /* CDVCamera.m */; };
		2776BAA828354437A2C2EBD6 /* CDVJpegHeaderWriter.m in Sources */ = {isa = PBXBuildFile; fileRef = DBFA808BDDA64599B0BF0BE9 /* CDVJpegHeaderWriter.m */; };
		68EA796683864CDA9D6170F2 /* ImageIO.framework in Frameworks */ = {isa = PBXBuildFile; fileRef = 65047175244542A1B240D95A /* ImageIO.framework */; settings = {ATTRIBUTES = (Weak, ); }; };
		7D311EA3E2C94ACD993037E3 /* CoreLocation.framework in Frameworks */ = {isa = PBXBuildFile; fileRef = B9B1364E3F0846628013AEB0 /* CoreLocation.framework */; };
		A6FA5FDA355447EBB7ACD3E8 /* AVFoundation.framework in Frameworks */ = {isa = PBXBuildFile; fileRef = FD1C91AE6CFC45C28D969728 /* AVFoundation.framework */; };
		113EAC0EAF1B4AE9A8F9B60F /* CDVDevice.m in Sources */ = {isa = PBXBuildFile; fileRef = CED6D642346A4E5FAD6146E8 /* CDVDevice.m */; };
		B5FE668DC9664978A1F3F374 /* CDVNotification.m in Sources */ = {isa = PBXBuildFile; fileRef = 4CECA891ABA747DC860CF765 /* CDVNotification.m */; };
		E49CF462AF5143749A643814 /* CDVNotification.bundle in Resources */ = {isa = PBXBuildFile; fileRef = FA04397F65CA4D92BFF67281 /* CDVNotification.bundle */; };
		25FD623E2EA8418E851817C3 /* AudioToolbox.framework in Frameworks */ = {isa = PBXBuildFile; fileRef = E85A32447B4948AFA68904C5 /* AudioToolbox.framework */; settings = {ATTRIBUTES = (Weak, ); }; };
		1D37F21C404148BBB48DC6B7 /* CDVFile.m in Sources */ = {isa = PBXBuildFile; fileRef = B86B3E333FB94AD989023964 /* CDVFile.m */; };
		B7ADDD15D24B47AEBBA8F8BA /* CDVLocalFilesystem.m in Sources */ = {isa = PBXBuildFile; fileRef = D55C02A55B59481FA8280EF4 /* CDVLocalFilesystem.m */; };
		D0564B9756F6438198D28824 /* CDVAssetLibraryFilesystem.m in Sources */ = {isa = PBXBuildFile; fileRef = 265B698789D84732ACFFD57F /* CDVAssetLibraryFilesystem.m */; };
		75B3D051836041D3968771C5 /* FileOpener2.m in Sources */ = {isa = PBXBuildFile; fileRef = 81680CA702D948AA86220733 /* FileOpener2.m */; };
		758DE60D884A41A0A86FB914 /* CDVFileTransfer.m in Sources */ = {isa = PBXBuildFile; fileRef = F8A9B66ECAD44FD5A95F18B4 /* CDVFileTransfer.m */; };
		6973C1ABC8264674823DE0DF /* GalleryRefresh.m in Sources */ = {isa = PBXBuildFile; fileRef = 3AA50C34D391475696BCE547 /* GalleryRefresh.m */; settings = {COMPILER_FLAGS = "-fno-objc-arc"; }; };
		D36171535A504934B31DE5CA /* CDVCapture.m in Sources */ = {isa = PBXBuildFile; fileRef = 712B8AAC382C4BBDBF1C96E7 /* CDVCapture.m */; };
		EB0625DBDD2D49C7AF27A8C0 /* CDVCapture.bundle in Resources */ = {isa = PBXBuildFile; fileRef = 4BD67A58737D487A9356E37F /* CDVCapture.bundle */; };
		D183A8E7A30C438DA862FF89 /* CDVSplashScreen.m in Sources */ = {isa = PBXBuildFile; fileRef = B42A69BCDF2849168E37F74E /* CDVSplashScreen.m */; };
		76C4D7A230CA472EA69A05C5 /* CDVViewController+SplashScreen.m in Sources */ = {isa = PBXBuildFile; fileRef = EBE498FCDCC640E9B79D75B9 /* CDVViewController+SplashScreen.m */; };
		CD24B8EB8F1D4666825764A2 /* CDVInAppBrowser.m in Sources */ = {isa = PBXBuildFile; fileRef = 410CEDE9AE114BC9AC755023 /* CDVInAppBrowser.m */; };
		38627569EE134945A34884D5 /* CDVInAppBrowserOptions.m in Sources */ = {isa = PBXBuildFile; fileRef = 5902612089FE484882F3EA64 /* CDVInAppBrowserOptions.m */; };
		E6DF5569C00A4463ADC89BDE /* CDVInAppBrowserNavigationController.m in Sources */ = {isa = PBXBuildFile; fileRef = 517D958AB47B40EBB53BE09D /* CDVInAppBrowserNavigationController.m */; };
		76A1BA43BB034515A7230638 /* CDVUIInAppBrowser.m in Sources */ = {isa = PBXBuildFile; fileRef = 49F088AABB5240D78A3DA7D2 /* CDVUIInAppBrowser.m */; };
		1A2918E5ACA742E486B81D28 /* CDVWKInAppBrowser.m in Sources */ = {isa = PBXBuildFile; fileRef = C183F07AFB65451EADAEBA97 /* CDVWKInAppBrowser.m */; };
		5974683FB8354846A8C37F1B /* CDVWKInAppBrowserUIDelegate.m in Sources */ = {isa = PBXBuildFile; fileRef = D7240466419B4584AEF977BF /* CDVWKInAppBrowserUIDelegate.m */; };
		71C35CCB7C7C4A23BF0FE0F6 /* APPBadge.m in Sources */ = {isa = PBXBuildFile; fileRef = 6C4BE770859442AEBDB5BDBA /* APPBadge.m */; };
		75AC7CCF091C4319BE450916 /* APPLocalNotification.m in Sources */ = {isa = PBXBuildFile; fileRef = 4B4F1A5B1CC74D0AA2BD924F /* APPLocalNotification.m */; };
		6F3EA45981194D5A9BA9360C /* APPNotificationCategory.m in Sources */ = {isa = PBXBuildFile; fileRef = 7193CAE702314D4B8F5024BD /* APPNotificationCategory.m */; };
		551CA9852F084FCD9125405D /* APPNotificationContent.m in Sources */ = {isa = PBXBuildFile; fileRef = A67988AF2787416DA2885AE6 /* APPNotificationContent.m */; };
		AD4D7307B9F3462F85ED3A4B /* APPNotificationOptions.m in Sources */ = {isa = PBXBuildFile; fileRef = 6519B8C6D723419DBB74598E /* APPNotificationOptions.m */; };
		6216355197DB4795AE1C998D /* UNUserNotificationCenter+APPLocalNotification.m in Sources */ = {isa = PBXBuildFile; fileRef = 514627943EA94531881D3B5F /* UNUserNotificationCenter+APPLocalNotification.m */; };
		21E14DFCE4CC419AB54DE6A9 /* UNNotificationRequest+APPLocalNotification.m in Sources */ = {isa = PBXBuildFile; fileRef = 5EA1C7F0A58A4218A04583B4 /* UNNotificationRequest+APPLocalNotification.m */; };
		CAABA572F8544009A7458769 /* UserNotifications.framework in Frameworks */ = {isa = PBXBuildFile; fileRef = BA410158E1304DA5B9FC2366 /* UserNotifications.framework */; };
		23418E024C194F9FB3629A85 /* APPBackgroundMode.m in Sources */ = {isa = PBXBuildFile; fileRef = 2076F9FC067948D8BE00ACF0 /* APPBackgroundMode.m */; };
		72AEC019A99A40F9AC3B4595 /* APPMethodMagic.m in Sources */ = {isa = PBXBuildFile; fileRef = 9EADFE3E28134A86BFF67E04 /* APPMethodMagic.m */; };
		360877C5E1364995A1C7AC9A /* appbeep.wav in Resources */ = {isa = PBXBuildFile; fileRef = 313B8D6F84BD4B689E6C7781 /* appbeep.wav */; };
		89C4A5584E6C4A668F350063 /* CDVVibration.m in Sources */ = {isa = PBXBuildFile; fileRef = 984A3E7AA24F42DBBFB0B514 /* CDVVibration.m */; };
/* End PBXBuildFile section */

/* Begin PBXContainerItemProxy section */
		301BF534109A57CC0062928A /* PBXContainerItemProxy */ = {
			isa = PBXContainerItemProxy;
			containerPortal = 301BF52D109A57CC0062928A /* CordovaLib.xcodeproj */;
			proxyType = 2;
			remoteGlobalIDString = D2AAC07E0554694100DB518D;
			remoteInfo = CordovaLib;
		};
		301BF550109A68C00062928A /* PBXContainerItemProxy */ = {
			isa = PBXContainerItemProxy;
			containerPortal = 301BF52D109A57CC0062928A /* CordovaLib.xcodeproj */;
			proxyType = 1;
			remoteGlobalIDString = D2AAC07D0554694100DB518D;
			remoteInfo = CordovaLib;
		};
		907D8123214C687600058A10 /* PBXContainerItemProxy */ = {
			isa = PBXContainerItemProxy;
			containerPortal = 301BF52D109A57CC0062928A /* CordovaLib.xcodeproj */;
			proxyType = 2;
			remoteGlobalIDString = C0C01EB21E3911D50056E6CB;
			remoteInfo = Cordova;
		};
/* End PBXContainerItemProxy section */

/* Begin PBXFileReference section */
		0207DA571B56EA530066E2B4 /* Images.xcassets */ = {isa = PBXFileReference; lastKnownFileType = folder.assetcatalog; name = Images.xcassets; path = "GPAX/Images.xcassets"; sourceTree = SOURCE_ROOT; };
		1D3623240D0F684500981E51 /* AppDelegate.h */ = {isa = PBXFileReference; fileEncoding = 4; lastKnownFileType = sourcecode.c.h; path = AppDelegate.h; sourceTree = "<group>"; };
		1D3623250D0F684500981E51 /* AppDelegate.m */ = {isa = PBXFileReference; fileEncoding = 4; lastKnownFileType = sourcecode.c.objc; path = AppDelegate.m; sourceTree = "<group>"; };
		1D6058910D05DD3D006BFB54 /* GPAX.app */ = {isa = PBXFileReference; explicitFileType = wrapper.application; includeInIndex = 0; path = "GPAX.app"; sourceTree = BUILT_PRODUCTS_DIR; };
		29B97316FDCFA39411CA2CEA /* main.m */ = {isa = PBXFileReference; fileEncoding = 4; lastKnownFileType = sourcecode.c.objc; path = main.m; sourceTree = "<group>"; };
		301BF52D109A57CC0062928A /* CordovaLib.xcodeproj */ = {isa = PBXFileReference; lastKnownFileType = "wrapper.pb-project"; name = CordovaLib.xcodeproj; path = CordovaLib/CordovaLib.xcodeproj; sourceTree = "<group>"; };
		301BF56E109A69640062928A /* www */ = {isa = PBXFileReference; lastKnownFileType = folder; path = www; sourceTree = SOURCE_ROOT; };
		302D95EE14D2391D003F00A1 /* MainViewController.h */ = {isa = PBXFileReference; fileEncoding = 4; lastKnownFileType = sourcecode.c.h; path = MainViewController.h; sourceTree = "<group>"; };
		302D95EF14D2391D003F00A1 /* MainViewController.m */ = {isa = PBXFileReference; fileEncoding = 4; lastKnownFileType = sourcecode.c.objc; path = MainViewController.m; sourceTree = "<group>"; };
		302D95F014D2391D003F00A1 /* MainViewController.xib */ = {isa = PBXFileReference; fileEncoding = 4; lastKnownFileType = file.xib; path = MainViewController.xib; sourceTree = "<group>"; };
		3047A50F1AB8059700498E2A /* build-debug.xcconfig */ = {isa = PBXFileReference; fileEncoding = 4; lastKnownFileType = text.xcconfig; name = "build-debug.xcconfig"; path = "cordova/build-debug.xcconfig"; sourceTree = SOURCE_ROOT; };
		3047A5101AB8059700498E2A /* build-release.xcconfig */ = {isa = PBXFileReference; fileEncoding = 4; lastKnownFileType = text.xcconfig; name = "build-release.xcconfig"; path = "cordova/build-release.xcconfig"; sourceTree = SOURCE_ROOT; };
		3047A5111AB8059700498E2A /* build.xcconfig */ = {isa = PBXFileReference; fileEncoding = 4; lastKnownFileType = text.xcconfig; name = build.xcconfig; path = cordova/build.xcconfig; sourceTree = SOURCE_ROOT; };
		32CA4F630368D1EE00C91783 /* GPAX-Prefix.pch */ = {isa = PBXFileReference; fileEncoding = 4; lastKnownFileType = sourcecode.c.h; path = "GPAX-Prefix.pch"; sourceTree = "<group>"; };
		6AFF5BF81D6E424B00AB3073 /* CDVLaunchScreen.storyboard */ = {isa = PBXFileReference; fileEncoding = 4; lastKnownFileType = file.storyboard; name = CDVLaunchScreen.storyboard; path = "GPAX/CDVLaunchScreen.storyboard"; sourceTree = SOURCE_ROOT; };
		8D1107310486CEB800E47090 /* GPAX-Info.plist */ = {isa = PBXFileReference; fileEncoding = 4; lastKnownFileType = text.plist.xml; name = "GPAX-Info.plist"; path = "GPAX/GPAX-Info.plist"; plistStructureDefinitionIdentifier = "com.apple.xcode.plist.structure-definition.iphone.info-plist"; sourceTree = SOURCE_ROOT; };
		EB87FDF31871DA8E0020F90C /* www */ = {isa = PBXFileReference; lastKnownFileType = folder; name = www; path = ../../www; sourceTree = "<group>"; };
		EB87FDF41871DAF40020F90C /* config.xml */ = {isa = PBXFileReference; lastKnownFileType = text.xml; name = config.xml; path = ../../config.xml; sourceTree = "<group>"; };
		ED33DF2A687741AEAF9F8254 /* Bridging-Header.h */ = {isa = PBXFileReference; fileEncoding = 4; lastKnownFileType = sourcecode.c.h; name = "Bridging-Header.h"; path = "Bridging-Header.h"; sourceTree = "<group>"; };
		F840E1F0165FE0F500CFE078 /* config.xml */ = {isa = PBXFileReference; lastKnownFileType = text.xml; name = config.xml; path = "GPAX/config.xml"; sourceTree = "<group>"; };
		16A0032632504A658059EC74 /* PhotoViewer.m */ = {isa = PBXFileReference; name = "PhotoViewer.m"; path = "com-sarriaroman-photoviewer/PhotoViewer.m"; sourceTree = "<group>"; fileEncoding = 4; lastKnownFileType = sourcecode.c.objc; explicitFileType = undefined; includeInIndex = 0; };
		E22A728CB920415C83D53BAC /* AudioRecorderPlugin.m */ = {isa = PBXFileReference; name = "AudioRecorderPlugin.m"; path = "cordova-plugin-audio-recorder/AudioRecorderPlugin.m"; sourceTree = "<group>"; fileEncoding = 4; lastKnownFileType = sourcecode.c.objc; explicitFileType = undefined; includeInIndex = 0; };
		DFE131D9199043C38E57389E /* AudioRecorderVC.m */ = {isa = PBXFileReference; name = "AudioRecorderVC.m"; path = "cordova-plugin-audio-recorder/AudioRecorderVC.m"; sourceTree = "<group>"; fileEncoding = 4; lastKnownFileType = sourcecode.c.objc; explicitFileType = undefined; includeInIndex = 0; };
		1CB5A116B9A547AC9880D5F5 /* AudioRecorderPlugin.h */ = {isa = PBXFileReference; name = "AudioRecorderPlugin.h"; path = "cordova-plugin-audio-recorder/AudioRecorderPlugin.h"; sourceTree = "<group>"; fileEncoding = 4; lastKnownFileType = sourcecode.c.h; explicitFileType = undefined; includeInIndex = 0; };
		FEFF05AEFE29429FA5CE5E76 /* AudioRecorderVC.h */ = {isa = PBXFileReference; name = "AudioRecorderVC.h"; path = "cordova-plugin-audio-recorder/AudioRecorderVC.h"; sourceTree = "<group>"; fileEncoding = 4; lastKnownFileType = sourcecode.c.h; explicitFileType = undefined; includeInIndex = 0; };
		946A7F325AEC460D94C2ABFB /* OSAudioRecorder.bundle */ = {isa = PBXFileReference; name = "OSAudioRecorder.bundle"; path = "OSAudioRecorder.bundle"; sourceTree = "<group>"; fileEncoding = undefined; lastKnownFileType = wrapper.plug-in; explicitFileType = undefined; includeInIndex = 0; };
		B26E564682374CD0BEDCD291 /* UIImage+CropScaleOrientation.m */ = {isa = PBXFileReference; name = "UIImage+CropScaleOrientation.m"; path = "cordova-plugin-camera/UIImage+CropScaleOrientation.m"; sourceTree = "<group>"; fileEncoding = 4; lastKnownFileType = sourcecode.c.objc; explicitFileType = undefined; includeInIndex = 0; };
		2FC5DF86A108433DBA07A9EB /* CDVCamera.m */ = {isa = PBXFileReference; name = "CDVCamera.m"; path = "cordova-plugin-camera/CDVCamera.m"; sourceTree = "<group>"; fileEncoding = 4; lastKnownFileType = sourcecode.c.objc; explicitFileType = undefined; includeInIndex = 0; };
		DBFA808BDDA64599B0BF0BE9 /* CDVJpegHeaderWriter.m */ = {isa = PBXFileReference; name = "CDVJpegHeaderWriter.m"; path = "cordova-plugin-camera/CDVJpegHeaderWriter.m"; sourceTree = "<group>"; fileEncoding = 4; lastKnownFileType = sourcecode.c.objc; explicitFileType = undefined; includeInIndex = 0; };
		30BD0E3C0149411097BBF98A /* UIImage+CropScaleOrientation.h */ = {isa = PBXFileReference; name = "UIImage+CropScaleOrientation.h"; path = "cordova-plugin-camera/UIImage+CropScaleOrientation.h"; sourceTree = "<group>"; fileEncoding = 4; lastKnownFileType = sourcecode.c.h; explicitFileType = undefined; includeInIndex = 0; };
		56069618E9FD432F925605F4 /* CDVCamera.h */ = {isa = PBXFileReference; name = "CDVCamera.h"; path = "cordova-plugin-camera/CDVCamera.h"; sourceTree = "<group>"; fileEncoding = 4; lastKnownFileType = sourcecode.c.h; explicitFileType = undefined; includeInIndex = 0; };
		911E0C4B7C784C3DAB5C396D /* CDVJpegHeaderWriter.h */ = {isa = PBXFileReference; name = "CDVJpegHeaderWriter.h"; path = "cordova-plugin-camera/CDVJpegHeaderWriter.h"; sourceTree = "<group>"; fileEncoding = 4; lastKnownFileType = sourcecode.c.h; explicitFileType = undefined; includeInIndex = 0; };
		FF67AB3D373A4000A47ECF7A /* CDVExif.h */ = {isa = PBXFileReference; name = "CDVExif.h"; path = "cordova-plugin-camera/CDVExif.h"; sourceTree = "<group>"; fileEncoding = 4; lastKnownFileType = sourcecode.c.h; explicitFileType = undefined; includeInIndex = 0; };
		65047175244542A1B240D95A /* ImageIO.framework */ = {isa = PBXFileReference; name = "ImageIO.framework"; path = "System/Library/Frameworks/ImageIO.framework"; sourceTree = SDKROOT; fileEncoding = undefined; lastKnownFileType = wrapper.framework; explicitFileType = undefined; includeInIndex = 0; };
		B9B1364E3F0846628013AEB0 /* CoreLocation.framework */ = {isa = PBXFileReference; name = "CoreLocation.framework"; path = "System/Library/Frameworks/CoreLocation.framework"; sourceTree = SDKROOT; fileEncoding = undefined; lastKnownFileType = wrapper.framework; explicitFileType = undefined; includeInIndex = 0; };
		FD1C91AE6CFC45C28D969728 /* AVFoundation.framework */ = {isa = PBXFileReference; name = "AVFoundation.framework"; path = "System/Library/Frameworks/AVFoundation.framework"; sourceTree = SDKROOT; fileEncoding = undefined; lastKnownFileType = wrapper.framework; explicitFileType = undefined; includeInIndex = 0; };
		CED6D642346A4E5FAD6146E8 /* CDVDevice.m */ = {isa = PBXFileReference; name = "CDVDevice.m"; path = "cordova-plugin-device/CDVDevice.m"; sourceTree = "<group>"; fileEncoding = 4; lastKnownFileType = sourcecode.c.objc; explicitFileType = undefined; includeInIndex = 0; };
		7527D2CBCFA04F2ABDF045B6 /* CDVDevice.h */ = {isa = PBXFileReference; name = "CDVDevice.h"; path = "cordova-plugin-device/CDVDevice.h"; sourceTree = "<group>"; fileEncoding = 4; lastKnownFileType = sourcecode.c.h; explicitFileType = undefined; includeInIndex = 0; };
		4CECA891ABA747DC860CF765 /* CDVNotification.m */ = {isa = PBXFileReference; name = "CDVNotification.m"; path = "cordova-plugin-dialogs/CDVNotification.m"; sourceTree = "<group>"; fileEncoding = 4; lastKnownFileType = sourcecode.c.objc; explicitFileType = undefined; includeInIndex = 0; };
		E1EA1CB2D66E42368D2D26B8 /* CDVNotification.h */ = {isa = PBXFileReference; name = "CDVNotification.h"; path = "cordova-plugin-dialogs/CDVNotification.h"; sourceTree = "<group>"; fileEncoding = 4; lastKnownFileType = sourcecode.c.h; explicitFileType = undefined; includeInIndex = 0; };
		FA04397F65CA4D92BFF67281 /* CDVNotification.bundle */ = {isa = PBXFileReference; name = "CDVNotification.bundle"; path = "CDVNotification.bundle"; sourceTree = "<group>"; fileEncoding = undefined; lastKnownFileType = wrapper.plug-in; explicitFileType = undefined; includeInIndex = 0; };
		E85A32447B4948AFA68904C5 /* AudioToolbox.framework */ = {isa = PBXFileReference; name = "AudioToolbox.framework"; path = "System/Library/Frameworks/AudioToolbox.framework"; sourceTree = SDKROOT; fileEncoding = undefined; lastKnownFileType = wrapper.framework; explicitFileType = undefined; includeInIndex = 0; };
		B86B3E333FB94AD989023964 /* CDVFile.m */ = {isa = PBXFileReference; name = "CDVFile.m"; path = "cordova-plugin-file/CDVFile.m"; sourceTree = "<group>"; fileEncoding = 4; lastKnownFileType = sourcecode.c.objc; explicitFileType = undefined; includeInIndex = 0; };
		D55C02A55B59481FA8280EF4 /* CDVLocalFilesystem.m */ = {isa = PBXFileReference; name = "CDVLocalFilesystem.m"; path = "cordova-plugin-file/CDVLocalFilesystem.m"; sourceTree = "<group>"; fileEncoding = 4; lastKnownFileType = sourcecode.c.objc; explicitFileType = undefined; includeInIndex = 0; };
		265B698789D84732ACFFD57F /* CDVAssetLibraryFilesystem.m */ = {isa = PBXFileReference; name = "CDVAssetLibraryFilesystem.m"; path = "cordova-plugin-file/CDVAssetLibraryFilesystem.m"; sourceTree = "<group>"; fileEncoding = 4; lastKnownFileType = sourcecode.c.objc; explicitFileType = undefined; includeInIndex = 0; };
		7E8E77243ADB40ED9918606F /* CDVFile.h */ = {isa = PBXFileReference; name = "CDVFile.h"; path = "cordova-plugin-file/CDVFile.h"; sourceTree = "<group>"; fileEncoding = 4; lastKnownFileType = sourcecode.c.h; explicitFileType = undefined; includeInIndex = 0; };
		2D570D005FBC4665A02A50FB /* CDVLocalFilesystem.h */ = {isa = PBXFileReference; name = "CDVLocalFilesystem.h"; path = "cordova-plugin-file/CDVLocalFilesystem.h"; sourceTree = "<group>"; fileEncoding = 4; lastKnownFileType = sourcecode.c.h; explicitFileType = undefined; includeInIndex = 0; };
		57863F9E6C634D108E188D25 /* CDVAssetLibraryFilesystem.h */ = {isa = PBXFileReference; name = "CDVAssetLibraryFilesystem.h"; path = "cordova-plugin-file/CDVAssetLibraryFilesystem.h"; sourceTree = "<group>"; fileEncoding = 4; lastKnownFileType = sourcecode.c.h; explicitFileType = undefined; includeInIndex = 0; };
		81680CA702D948AA86220733 /* FileOpener2.m */ = {isa = PBXFileReference; name = "FileOpener2.m"; path = "cordova-plugin-file-opener2/FileOpener2.m"; sourceTree = "<group>"; fileEncoding = 4; lastKnownFileType = sourcecode.c.objc; explicitFileType = undefined; includeInIndex = 0; };
		96BE691370AA4005AC046381 /* FileOpener2.h */ = {isa = PBXFileReference; name = "FileOpener2.h"; path = "cordova-plugin-file-opener2/FileOpener2.h"; sourceTree = "<group>"; fileEncoding = 4; lastKnownFileType = sourcecode.c.h; explicitFileType = undefined; includeInIndex = 0; };
		F8A9B66ECAD44FD5A95F18B4 /* CDVFileTransfer.m */ = {isa = PBXFileReference; name = "CDVFileTransfer.m"; path = "cordova-plugin-file-transfer/CDVFileTransfer.m"; sourceTree = "<group>"; fileEncoding = 4; lastKnownFileType = sourcecode.c.objc; explicitFileType = undefined; includeInIndex = 0; };
		BBB0E7B4ED90400F874F91B5 /* CDVFileTransfer.h */ = {isa = PBXFileReference; name = "CDVFileTransfer.h"; path = "cordova-plugin-file-transfer/CDVFileTransfer.h"; sourceTree = "<group>"; fileEncoding = 4; lastKnownFileType = sourcecode.c.h; explicitFileType = undefined; includeInIndex = 0; };
		3AA50C34D391475696BCE547 /* GalleryRefresh.m */ = {isa = PBXFileReference; name = "GalleryRefresh.m"; path = "cordova-plugin-gallery-refresh/GalleryRefresh.m"; sourceTree = "<group>"; fileEncoding = 4; lastKnownFileType = sourcecode.c.objc; explicitFileType = undefined; includeInIndex = 0; };
		4C879D3B6FE94B1E9A37D3ED /* GalleryRefresh.h */ = {isa = PBXFileReference; name = "GalleryRefresh.h"; path = "cordova-plugin-gallery-refresh/GalleryRefresh.h"; sourceTree = "<group>"; fileEncoding = 4; lastKnownFileType = sourcecode.c.h; explicitFileType = undefined; includeInIndex = 0; };
		712B8AAC382C4BBDBF1C96E7 /* CDVCapture.m */ = {isa = PBXFileReference; name = "CDVCapture.m"; path = "cordova-plugin-media-capture/CDVCapture.m"; sourceTree = "<group>"; fileEncoding = 4; lastKnownFileType = sourcecode.c.objc; explicitFileType = undefined; includeInIndex = 0; };
		1684C91844C3443A811250C5 /* CDVCapture.h */ = {isa = PBXFileReference; name = "CDVCapture.h"; path = "cordova-plugin-media-capture/CDVCapture.h"; sourceTree = "<group>"; fileEncoding = 4; lastKnownFileType = sourcecode.c.h; explicitFileType = undefined; includeInIndex = 0; };
		4BD67A58737D487A9356E37F /* CDVCapture.bundle */ = {isa = PBXFileReference; name = "CDVCapture.bundle"; path = "CDVCapture.bundle"; sourceTree = "<group>"; fileEncoding = undefined; lastKnownFileType = wrapper.plug-in; explicitFileType = undefined; includeInIndex = 0; };
		B42A69BCDF2849168E37F74E /* CDVSplashScreen.m */ = {isa = PBXFileReference; name = "CDVSplashScreen.m"; path = "cordova-plugin-splashscreen/CDVSplashScreen.m"; sourceTree = "<group>"; fileEncoding = 4; lastKnownFileType = sourcecode.c.objc; explicitFileType = undefined; includeInIndex = 0; };
		EBE498FCDCC640E9B79D75B9 /* CDVViewController+SplashScreen.m */ = {isa = PBXFileReference; name = "CDVViewController+SplashScreen.m"; path = "cordova-plugin-splashscreen/CDVViewController+SplashScreen.m"; sourceTree = "<group>"; fileEncoding = 4; lastKnownFileType = sourcecode.c.objc; explicitFileType = undefined; includeInIndex = 0; };
		E798CFF14A524224B9E66AFE /* CDVSplashScreen.h */ = {isa = PBXFileReference; name = "CDVSplashScreen.h"; path = "cordova-plugin-splashscreen/CDVSplashScreen.h"; sourceTree = "<group>"; fileEncoding = 4; lastKnownFileType = sourcecode.c.h; explicitFileType = undefined; includeInIndex = 0; };
		1D31D3FC47B3402AAA1D6FB4 /* CDVViewController+SplashScreen.h */ = {isa = PBXFileReference; name = "CDVViewController+SplashScreen.h"; path = "cordova-plugin-splashscreen/CDVViewController+SplashScreen.h"; sourceTree = "<group>"; fileEncoding = 4; lastKnownFileType = sourcecode.c.h; explicitFileType = undefined; includeInIndex = 0; };
		410CEDE9AE114BC9AC755023 /* CDVInAppBrowser.m */ = {isa = PBXFileReference; name = "CDVInAppBrowser.m"; path = "cordova-plugin-inappbrowser/CDVInAppBrowser.m"; sourceTree = "<group>"; fileEncoding = 4; lastKnownFileType = sourcecode.c.objc; explicitFileType = undefined; includeInIndex = 0; };
		5902612089FE484882F3EA64 /* CDVInAppBrowserOptions.m */ = {isa = PBXFileReference; name = "CDVInAppBrowserOptions.m"; path = "cordova-plugin-inappbrowser/CDVInAppBrowserOptions.m"; sourceTree = "<group>"; fileEncoding = 4; lastKnownFileType = sourcecode.c.objc; explicitFileType = undefined; includeInIndex = 0; };
		517D958AB47B40EBB53BE09D /* CDVInAppBrowserNavigationController.m */ = {isa = PBXFileReference; name = "CDVInAppBrowserNavigationController.m"; path = "cordova-plugin-inappbrowser/CDVInAppBrowserNavigationController.m"; sourceTree = "<group>"; fileEncoding = 4; lastKnownFileType = sourcecode.c.objc; explicitFileType = undefined; includeInIndex = 0; };
		49F088AABB5240D78A3DA7D2 /* CDVUIInAppBrowser.m */ = {isa = PBXFileReference; name = "CDVUIInAppBrowser.m"; path = "cordova-plugin-inappbrowser/CDVUIInAppBrowser.m"; sourceTree = "<group>"; fileEncoding = 4; lastKnownFileType = sourcecode.c.objc; explicitFileType = undefined; includeInIndex = 0; };
		C183F07AFB65451EADAEBA97 /* CDVWKInAppBrowser.m */ = {isa = PBXFileReference; name = "CDVWKInAppBrowser.m"; path = "cordova-plugin-inappbrowser/CDVWKInAppBrowser.m"; sourceTree = "<group>"; fileEncoding = 4; lastKnownFileType = sourcecode.c.objc; explicitFileType = undefined; includeInIndex = 0; };
		D7240466419B4584AEF977BF /* CDVWKInAppBrowserUIDelegate.m */ = {isa = PBXFileReference; name = "CDVWKInAppBrowserUIDelegate.m"; path = "cordova-plugin-inappbrowser/CDVWKInAppBrowserUIDelegate.m"; sourceTree = "<group>"; fileEncoding = 4; lastKnownFileType = sourcecode.c.objc; explicitFileType = undefined; includeInIndex = 0; };
		106EA52E666148909DE3FBC8 /* CDVInAppBrowser.h */ = {isa = PBXFileReference; name = "CDVInAppBrowser.h"; path = "cordova-plugin-inappbrowser/CDVInAppBrowser.h"; sourceTree = "<group>"; fileEncoding = 4; lastKnownFileType = sourcecode.c.h; explicitFileType = undefined; includeInIndex = 0; };
		EF59D4EF04454A45BAA403BF /* CDVInAppBrowserOptions.h */ = {isa = PBXFileReference; name = "CDVInAppBrowserOptions.h"; path = "cordova-plugin-inappbrowser/CDVInAppBrowserOptions.h"; sourceTree = "<group>"; fileEncoding = 4; lastKnownFileType = sourcecode.c.h; explicitFileType = undefined; includeInIndex = 0; };
		9DACC1B9DF79499CAC5F4755 /* CDVInAppBrowserNavigationController.h */ = {isa = PBXFileReference; name = "CDVInAppBrowserNavigationController.h"; path = "cordova-plugin-inappbrowser/CDVInAppBrowserNavigationController.h"; sourceTree = "<group>"; fileEncoding = 4; lastKnownFileType = sourcecode.c.h; explicitFileType = undefined; includeInIndex = 0; };
		E5F6BB22B1D0456292C37057 /* CDVUIInAppBrowser.h */ = {isa = PBXFileReference; name = "CDVUIInAppBrowser.h"; path = "cordova-plugin-inappbrowser/CDVUIInAppBrowser.h"; sourceTree = "<group>"; fileEncoding = 4; lastKnownFileType = sourcecode.c.h; explicitFileType = undefined; includeInIndex = 0; };
		F2616B367C95430389920D4E /* CDVWKInAppBrowser.h */ = {isa = PBXFileReference; name = "CDVWKInAppBrowser.h"; path = "cordova-plugin-inappbrowser/CDVWKInAppBrowser.h"; sourceTree = "<group>"; fileEncoding = 4; lastKnownFileType = sourcecode.c.h; explicitFileType = undefined; includeInIndex = 0; };
		A2272488F568448EAC0B3BC0 /* CDVWKInAppBrowserUIDelegate.h */ = {isa = PBXFileReference; name = "CDVWKInAppBrowserUIDelegate.h"; path = "cordova-plugin-inappbrowser/CDVWKInAppBrowserUIDelegate.h"; sourceTree = "<group>"; fileEncoding = 4; lastKnownFileType = sourcecode.c.h; explicitFileType = undefined; includeInIndex = 0; };
		6C4BE770859442AEBDB5BDBA /* APPBadge.m */ = {isa = PBXFileReference; name = "APPBadge.m"; path = "cordova-plugin-badge/APPBadge.m"; sourceTree = "<group>"; fileEncoding = 4; lastKnownFileType = sourcecode.c.objc; explicitFileType = undefined; includeInIndex = 0; };
		6FD243E3664A49399449FF1F /* APPBadge.h */ = {isa = PBXFileReference; name = "APPBadge.h"; path = "cordova-plugin-badge/APPBadge.h"; sourceTree = "<group>"; fileEncoding = 4; lastKnownFileType = sourcecode.c.h; explicitFileType = undefined; includeInIndex = 0; };
		4B4F1A5B1CC74D0AA2BD924F /* APPLocalNotification.m */ = {isa = PBXFileReference; name = "APPLocalNotification.m"; path = "cordova-plugin-local-notification/APPLocalNotification.m"; sourceTree = "<group>"; fileEncoding = 4; lastKnownFileType = sourcecode.c.objc; explicitFileType = undefined; includeInIndex = 0; };
		7193CAE702314D4B8F5024BD /* APPNotificationCategory.m */ = {isa = PBXFileReference; name = "APPNotificationCategory.m"; path = "cordova-plugin-local-notification/APPNotificationCategory.m"; sourceTree = "<group>"; fileEncoding = 4; lastKnownFileType = sourcecode.c.objc; explicitFileType = undefined; includeInIndex = 0; };
		A67988AF2787416DA2885AE6 /* APPNotificationContent.m */ = {isa = PBXFileReference; name = "APPNotificationContent.m"; path = "cordova-plugin-local-notification/APPNotificationContent.m"; sourceTree = "<group>"; fileEncoding = 4; lastKnownFileType = sourcecode.c.objc; explicitFileType = undefined; includeInIndex = 0; };
		6519B8C6D723419DBB74598E /* APPNotificationOptions.m */ = {isa = PBXFileReference; name = "APPNotificationOptions.m"; path = "cordova-plugin-local-notification/APPNotificationOptions.m"; sourceTree = "<group>"; fileEncoding = 4; lastKnownFileType = sourcecode.c.objc; explicitFileType = undefined; includeInIndex = 0; };
		514627943EA94531881D3B5F /* UNUserNotificationCenter+APPLocalNotification.m */ = {isa = PBXFileReference; name = "UNUserNotificationCenter+APPLocalNotification.m"; path = "cordova-plugin-local-notification/UNUserNotificationCenter+APPLocalNotification.m"; sourceTree = "<group>"; fileEncoding = 4; lastKnownFileType = sourcecode.c.objc; explicitFileType = undefined; includeInIndex = 0; };
		5EA1C7F0A58A4218A04583B4 /* UNNotificationRequest+APPLocalNotification.m */ = {isa = PBXFileReference; name = "UNNotificationRequest+APPLocalNotification.m"; path = "cordova-plugin-local-notification/UNNotificationRequest+APPLocalNotification.m"; sourceTree = "<group>"; fileEncoding = 4; lastKnownFileType = sourcecode.c.objc; explicitFileType = undefined; includeInIndex = 0; };
		7D5D2395C6134C3D9EF535A4 /* APPLocalNotification.h */ = {isa = PBXFileReference; name = "APPLocalNotification.h"; path = "cordova-plugin-local-notification/APPLocalNotification.h"; sourceTree = "<group>"; fileEncoding = 4; lastKnownFileType = sourcecode.c.h; explicitFileType = undefined; includeInIndex = 0; };
		8E7315D6A6B14F21B6CC97E6 /* APPNotificationCategory.h */ = {isa = PBXFileReference; name = "APPNotificationCategory.h"; path = "cordova-plugin-local-notification/APPNotificationCategory.h"; sourceTree = "<group>"; fileEncoding = 4; lastKnownFileType = sourcecode.c.h; explicitFileType = undefined; includeInIndex = 0; };
		049E742130CE4E0E85D928B5 /* APPNotificationContent.h */ = {isa = PBXFileReference; name = "APPNotificationContent.h"; path = "cordova-plugin-local-notification/APPNotificationContent.h"; sourceTree = "<group>"; fileEncoding = 4; lastKnownFileType = sourcecode.c.h; explicitFileType = undefined; includeInIndex = 0; };
		0764C8E7EEF242A7814BE3C3 /* APPNotificationOptions.h */ = {isa = PBXFileReference; name = "APPNotificationOptions.h"; path = "cordova-plugin-local-notification/APPNotificationOptions.h"; sourceTree = "<group>"; fileEncoding = 4; lastKnownFileType = sourcecode.c.h; explicitFileType = undefined; includeInIndex = 0; };
		DD304125E53344AEB21A7F8F /* UNUserNotificationCenter+APPLocalNotification.h */ = {isa = PBXFileReference; name = "UNUserNotificationCenter+APPLocalNotification.h"; path = "cordova-plugin-local-notification/UNUserNotificationCenter+APPLocalNotification.h"; sourceTree = "<group>"; fileEncoding = 4; lastKnownFileType = sourcecode.c.h; explicitFileType = undefined; includeInIndex = 0; };
		1118D95895EB4464B97280E2 /* UNNotificationRequest+APPLocalNotification.h */ = {isa = PBXFileReference; name = "UNNotificationRequest+APPLocalNotification.h"; path = "cordova-plugin-local-notification/UNNotificationRequest+APPLocalNotification.h"; sourceTree = "<group>"; fileEncoding = 4; lastKnownFileType = sourcecode.c.h; explicitFileType = undefined; includeInIndex = 0; };
		BA410158E1304DA5B9FC2366 /* UserNotifications.framework */ = {isa = PBXFileReference; name = "UserNotifications.framework"; path = "System/Library/Frameworks/UserNotifications.framework"; sourceTree = SDKROOT; fileEncoding = undefined; lastKnownFileType = wrapper.framework; explicitFileType = undefined; includeInIndex = 0; };
		2076F9FC067948D8BE00ACF0 /* APPBackgroundMode.m */ = {isa = PBXFileReference; name = "APPBackgroundMode.m"; path = "cordova-plugin-background-mode/APPBackgroundMode.m"; sourceTree = "<group>"; fileEncoding = 4; lastKnownFileType = sourcecode.c.objc; explicitFileType = undefined; includeInIndex = 0; };
		9EADFE3E28134A86BFF67E04 /* APPMethodMagic.m */ = {isa = PBXFileReference; name = "APPMethodMagic.m"; path = "cordova-plugin-background-mode/APPMethodMagic.m"; sourceTree = "<group>"; fileEncoding = 4; lastKnownFileType = sourcecode.c.objc; explicitFileType = undefined; includeInIndex = 0; };
		F0ABE27FE194477DA842170C /* APPBackgroundMode.h */ = {isa = PBXFileReference; name = "APPBackgroundMode.h"; path = "cordova-plugin-background-mode/APPBackgroundMode.h"; sourceTree = "<group>"; fileEncoding = 4; lastKnownFileType = sourcecode.c.h; explicitFileType = undefined; includeInIndex = 0; };
		DAE7D48EFAAB470AA387C6AA /* APPMethodMagic.h */ = {isa = PBXFileReference; name = "APPMethodMagic.h"; path = "cordova-plugin-background-mode/APPMethodMagic.h"; sourceTree = "<group>"; fileEncoding = 4; lastKnownFileType = sourcecode.c.h; explicitFileType = undefined; includeInIndex = 0; };
		313B8D6F84BD4B689E6C7781 /* appbeep.wav */ = {isa = PBXFileReference; name = "appbeep.wav"; path = "appbeep.wav"; sourceTree = "<group>"; fileEncoding = undefined; lastKnownFileType = unknown; explicitFileType = undefined; includeInIndex = 0; };
		984A3E7AA24F42DBBFB0B514 /* CDVVibration.m */ = {isa = PBXFileReference; name = "CDVVibration.m"; path = "cordova-plugin-vibration/CDVVibration.m"; sourceTree = "<group>"; fileEncoding = 4; lastKnownFileType = sourcecode.c.objc; explicitFileType = undefined; includeInIndex = 0; };
		2837C15FEE334443BA3846FB /* CDVVibration.h */ = {isa = PBXFileReference; name = "CDVVibration.h"; path = "cordova-plugin-vibration/CDVVibration.h"; sourceTree = "<group>"; fileEncoding = 4; lastKnownFileType = sourcecode.c.h; explicitFileType = undefined; includeInIndex = 0; };
/* End PBXFileReference section */

/* Begin PBXFrameworksBuildPhase section */
		1D60588F0D05DD3D006BFB54 /* Frameworks */ = {
			isa = PBXFrameworksBuildPhase;
			buildActionMask = 2147483647;
			files = (
				301BF552109A68D80062928A /* libCordova.a in Frameworks */,
				68EA796683864CDA9D6170F2 /* ImageIO.framework in Frameworks */,
				7D311EA3E2C94ACD993037E3 /* CoreLocation.framework in Frameworks */,
				A6FA5FDA355447EBB7ACD3E8 /* AVFoundation.framework in Frameworks */,
				25FD623E2EA8418E851817C3 /* AudioToolbox.framework in Frameworks */,
				CAABA572F8544009A7458769 /* UserNotifications.framework in Frameworks */,
			);
			runOnlyForDeploymentPostprocessing = 0;
		};
/* End PBXFrameworksBuildPhase section */

/* Begin PBXGroup section */
		080E96DDFE201D6D7F000001 /* Classes */ = {
			isa = PBXGroup;
			children = (
				302D95EE14D2391D003F00A1 /* MainViewController.h */,
				302D95EF14D2391D003F00A1 /* MainViewController.m */,
				302D95F014D2391D003F00A1 /* MainViewController.xib */,
				1D3623240D0F684500981E51 /* AppDelegate.h */,
				1D3623250D0F684500981E51 /* AppDelegate.m */,
			);
			name = Classes;
			path = "GPAX/Classes";
			sourceTree = SOURCE_ROOT;
		};
		19C28FACFE9D520D11CA2CBB /* Products */ = {
			isa = PBXGroup;
			children = (
				1D6058910D05DD3D006BFB54 /* GPAX.app */,
			);
			name = Products;
			sourceTree = "<group>";
		};
		29B97314FDCFA39411CA2CEA /* CustomTemplate */ = {
			isa = PBXGroup;
			children = (
				EB87FDF41871DAF40020F90C /* config.xml */,
				EB87FDF31871DA8E0020F90C /* www */,
				EB87FDF11871DA420020F90C /* Staging */,
				301BF52D109A57CC0062928A /* CordovaLib.xcodeproj */,
				080E96DDFE201D6D7F000001 /* Classes */,
				307C750510C5A3420062BCA9 /* Plugins */,
				29B97315FDCFA39411CA2CEA /* Other Sources */,
				29B97317FDCFA39411CA2CEA /* Resources */,
				29B97323FDCFA39411CA2CEA /* Frameworks */,
				19C28FACFE9D520D11CA2CBB /* Products */,
			);
			name = CustomTemplate;
			sourceTree = "<group>";
		};
		29B97315FDCFA39411CA2CEA /* Other Sources */ = {
			isa = PBXGroup;
			children = (
				32CA4F630368D1EE00C91783 /* GPAX-Prefix.pch */,
				29B97316FDCFA39411CA2CEA /* main.m */,
				ED33DF2A687741AEAF9F8254 /* Bridging-Header.h */,
			);
			name = "Other Sources";
			path = "GPAX";
			sourceTree = "<group>";
		};
		29B97317FDCFA39411CA2CEA /* Resources */ = {
			isa = PBXGroup;
			children = (
				0207DA571B56EA530066E2B4 /* Images.xcassets */,
				3047A50E1AB8057F00498E2A /* config */,
				8D1107310486CEB800E47090 /* GPAX-Info.plist */,
				6AFF5BF81D6E424B00AB3073 /* CDVLaunchScreen.storyboard */,
				946A7F325AEC460D94C2ABFB /* OSAudioRecorder.bundle */,
				FA04397F65CA4D92BFF67281 /* CDVNotification.bundle */,
				4BD67A58737D487A9356E37F /* CDVCapture.bundle */,
				313B8D6F84BD4B689E6C7781 /* appbeep.wav */,
			);
			name = Resources;
			path = "GPAX/Resources";
			sourceTree = "<group>";
		};
		29B97323FDCFA39411CA2CEA /* Frameworks */ = {
			isa = PBXGroup;
			children = (
				65047175244542A1B240D95A /* ImageIO.framework */,
				B9B1364E3F0846628013AEB0 /* CoreLocation.framework */,
				FD1C91AE6CFC45C28D969728 /* AVFoundation.framework */,
				E85A32447B4948AFA68904C5 /* AudioToolbox.framework */,
				BA410158E1304DA5B9FC2366 /* UserNotifications.framework */,
			);
			name = Frameworks;
			sourceTree = "<group>";
		};
		301BF52E109A57CC0062928A /* Products */ = {
			isa = PBXGroup;
			children = (
				301BF535109A57CC0062928A /* libCordova.a */,
				907D8124214C687600058A10 /* Cordova.framework */,
			);
			name = Products;
			sourceTree = "<group>";
		};
		3047A50E1AB8057F00498E2A /* config */ = {
			isa = PBXGroup;
			children = (
				3047A50F1AB8059700498E2A /* build-debug.xcconfig */,
				3047A5101AB8059700498E2A /* build-release.xcconfig */,
				3047A5111AB8059700498E2A /* build.xcconfig */,
			);
			name = config;
			sourceTree = "<group>";
		};
		307C750510C5A3420062BCA9 /* Plugins */ = {
			isa = PBXGroup;
			children = (
				16A0032632504A658059EC74 /* PhotoViewer.m */,
				E22A728CB920415C83D53BAC /* AudioRecorderPlugin.m */,
				DFE131D9199043C38E57389E /* AudioRecorderVC.m */,
				1CB5A116B9A547AC9880D5F5 /* AudioRecorderPlugin.h */,
				FEFF05AEFE29429FA5CE5E76 /* AudioRecorderVC.h */,
				B26E564682374CD0BEDCD291 /* UIImage+CropScaleOrientation.m */,
				2FC5DF86A108433DBA07A9EB /* CDVCamera.m */,
				DBFA808BDDA64599B0BF0BE9 /* CDVJpegHeaderWriter.m */,
				30BD0E3C0149411097BBF98A /* UIImage+CropScaleOrientation.h */,
				56069618E9FD432F925605F4 /* CDVCamera.h */,
				911E0C4B7C784C3DAB5C396D /* CDVJpegHeaderWriter.h */,
				FF67AB3D373A4000A47ECF7A /* CDVExif.h */,
				CED6D642346A4E5FAD6146E8 /* CDVDevice.m */,
				7527D2CBCFA04F2ABDF045B6 /* CDVDevice.h */,
				4CECA891ABA747DC860CF765 /* CDVNotification.m */,
				E1EA1CB2D66E42368D2D26B8 /* CDVNotification.h */,
				B86B3E333FB94AD989023964 /* CDVFile.m */,
				D55C02A55B59481FA8280EF4 /* CDVLocalFilesystem.m */,
				265B698789D84732ACFFD57F /* CDVAssetLibraryFilesystem.m */,
				7E8E77243ADB40ED9918606F /* CDVFile.h */,
				2D570D005FBC4665A02A50FB /* CDVLocalFilesystem.h */,
				57863F9E6C634D108E188D25 /* CDVAssetLibraryFilesystem.h */,
				81680CA702D948AA86220733 /* FileOpener2.m */,
				96BE691370AA4005AC046381 /* FileOpener2.h */,
				F8A9B66ECAD44FD5A95F18B4 /* CDVFileTransfer.m */,
				BBB0E7B4ED90400F874F91B5 /* CDVFileTransfer.h */,
				3AA50C34D391475696BCE547 /* GalleryRefresh.m */,
				4C879D3B6FE94B1E9A37D3ED /* GalleryRefresh.h */,
				712B8AAC382C4BBDBF1C96E7 /* CDVCapture.m */,
				1684C91844C3443A811250C5 /* CDVCapture.h */,
				B42A69BCDF2849168E37F74E /* CDVSplashScreen.m */,
				EBE498FCDCC640E9B79D75B9 /* CDVViewController+SplashScreen.m */,
				E798CFF14A524224B9E66AFE /* CDVSplashScreen.h */,
				1D31D3FC47B3402AAA1D6FB4 /* CDVViewController+SplashScreen.h */,
				410CEDE9AE114BC9AC755023 /* CDVInAppBrowser.m */,
				5902612089FE484882F3EA64 /* CDVInAppBrowserOptions.m */,
				517D958AB47B40EBB53BE09D /* CDVInAppBrowserNavigationController.m */,
				49F088AABB5240D78A3DA7D2 /* CDVUIInAppBrowser.m */,
				C183F07AFB65451EADAEBA97 /* CDVWKInAppBrowser.m */,
				D7240466419B4584AEF977BF /* CDVWKInAppBrowserUIDelegate.m */,
				106EA52E666148909DE3FBC8 /* CDVInAppBrowser.h */,
				EF59D4EF04454A45BAA403BF /* CDVInAppBrowserOptions.h */,
				9DACC1B9DF79499CAC5F4755 /* CDVInAppBrowserNavigationController.h */,
				E5F6BB22B1D0456292C37057 /* CDVUIInAppBrowser.h */,
				F2616B367C95430389920D4E /* CDVWKInAppBrowser.h */,
				A2272488F568448EAC0B3BC0 /* CDVWKInAppBrowserUIDelegate.h */,
				6C4BE770859442AEBDB5BDBA /* APPBadge.m */,
				6FD243E3664A49399449FF1F /* APPBadge.h */,
				4B4F1A5B1CC74D0AA2BD924F /* APPLocalNotification.m */,
				7193CAE702314D4B8F5024BD /* APPNotificationCategory.m */,
				A67988AF2787416DA2885AE6 /* APPNotificationContent.m */,
				6519B8C6D723419DBB74598E /* APPNotificationOptions.m */,
				514627943EA94531881D3B5F /* UNUserNotificationCenter+APPLocalNotification.m */,
				5EA1C7F0A58A4218A04583B4 /* UNNotificationRequest+APPLocalNotification.m */,
				7D5D2395C6134C3D9EF535A4 /* APPLocalNotification.h */,
				8E7315D6A6B14F21B6CC97E6 /* APPNotificationCategory.h */,
				049E742130CE4E0E85D928B5 /* APPNotificationContent.h */,
				0764C8E7EEF242A7814BE3C3 /* APPNotificationOptions.h */,
				DD304125E53344AEB21A7F8F /* UNUserNotificationCenter+APPLocalNotification.h */,
				1118D95895EB4464B97280E2 /* UNNotificationRequest+APPLocalNotification.h */,
				2076F9FC067948D8BE00ACF0 /* APPBackgroundMode.m */,
				9EADFE3E28134A86BFF67E04 /* APPMethodMagic.m */,
				F0ABE27FE194477DA842170C /* APPBackgroundMode.h */,
				DAE7D48EFAAB470AA387C6AA /* APPMethodMagic.h */,
				984A3E7AA24F42DBBFB0B514 /* CDVVibration.m */,
				2837C15FEE334443BA3846FB /* CDVVibration.h */,
			);
			name = Plugins;
			path = "GPAX/Plugins";
			sourceTree = SOURCE_ROOT;
		};
		EB87FDF11871DA420020F90C /* Staging */ = {
			isa = PBXGroup;
			children = (
				F840E1F0165FE0F500CFE078 /* config.xml */,
				301BF56E109A69640062928A /* www */,
			);
			name = Staging;
			sourceTree = "<group>";
		};
/* End PBXGroup section */

/* Begin PBXNativeTarget section */
		1D6058900D05DD3D006BFB54 /* GPAX */ = {
			isa = PBXNativeTarget;
			buildConfigurationList = 1D6058960D05DD3E006BFB54 /* Build configuration list for PBXNativeTarget "GPAX" */;
			buildPhases = (
				304B58A110DAC018002A0835 /* Copy www directory */,
				1D60588D0D05DD3D006BFB54 /* Resources */,
				1D60588E0D05DD3D006BFB54 /* Sources */,
				1D60588F0D05DD3D006BFB54 /* Frameworks */,
			);
			buildRules = (
			);
			dependencies = (
				301BF551109A68C00062928A /* PBXTargetDependency */,
			);
			name = "GPAX";
			productName = "GPAX";
			productReference = 1D6058910D05DD3D006BFB54 /* GPAX.app */;
			productType = "com.apple.product-type.application";
		};
/* End PBXNativeTarget section */

/* Begin PBXProject section */
		29B97313FDCFA39411CA2CEA /* Project object */ = {
			isa = PBXProject;
			attributes = {
				LastUpgradeCheck = 510;
				TargetAttributes = {
					1D6058900D05DD3D006BFB54 = {
						ProvisioningStyle = Automatic;
					};
				};
			};
			buildConfigurationList = C01FCF4E08A954540054247B /* Build configuration list for PBXProject "GPAX" */;
			compatibilityVersion = "Xcode 3.2";
			developmentRegion = English;
			hasScannedForEncodings = 1;
			mainGroup = 29B97314FDCFA39411CA2CEA /* CustomTemplate */;
			projectDirPath = "";
			projectReferences = (
				{
					ProductGroup = 301BF52E109A57CC0062928A /* Products */;
					ProjectRef = 301BF52D109A57CC0062928A /* CordovaLib.xcodeproj */;
				},
			);
			projectRoot = "";
			targets = (
				1D6058900D05DD3D006BFB54 /* GPAX */,
			);
		};
/* End PBXProject section */

/* Begin PBXReferenceProxy section */
		301BF535109A57CC0062928A /* libCordova.a */ = {
			isa = PBXReferenceProxy;
			fileType = archive.ar;
			path = libCordova.a;
			remoteRef = 301BF534109A57CC0062928A /* PBXContainerItemProxy */;
			sourceTree = BUILT_PRODUCTS_DIR;
		};
		907D8124214C687600058A10 /* Cordova.framework */ = {
			isa = PBXReferenceProxy;
			fileType = wrapper.framework;
			path = Cordova.framework;
			remoteRef = 907D8123214C687600058A10 /* PBXContainerItemProxy */;
			sourceTree = BUILT_PRODUCTS_DIR;
		};
/* End PBXReferenceProxy section */

/* Begin PBXResourcesBuildPhase section */
		1D60588D0D05DD3D006BFB54 /* Resources */ = {
			isa = PBXResourcesBuildPhase;
			buildActionMask = 2147483647;
			files = (
				302D95F214D2391D003F00A1 /* MainViewController.xib in Resources */,
				0207DA581B56EA530066E2B4 /* Images.xcassets in Resources */,
				6AFF5BF91D6E424B00AB3073 /* CDVLaunchScreen.storyboard in Resources */,
				64745552871C441E84D9E0A3 /* OSAudioRecorder.bundle in Resources */,
				E49CF462AF5143749A643814 /* CDVNotification.bundle in Resources */,
				EB0625DBDD2D49C7AF27A8C0 /* CDVCapture.bundle in Resources */,
				360877C5E1364995A1C7AC9A /* appbeep.wav in Resources */,
			);
			runOnlyForDeploymentPostprocessing = 0;
		};
/* End PBXResourcesBuildPhase section */

/* Begin PBXShellScriptBuildPhase section */
		304B58A110DAC018002A0835 /* Copy www directory */ = {
			isa = PBXShellScriptBuildPhase;
			buildActionMask = 2147483647;
			files = (
			);
			inputPaths = (
			);
			name = "Copy www directory";
			outputPaths = (
			);
			runOnlyForDeploymentPostprocessing = 0;
			shellPath = /bin/sh;
			shellScript = "\"$SRCROOT/GPAX/Scripts/copy-www-build-step.sh\"";
			showEnvVarsInLog = 0;
		};
/* End PBXShellScriptBuildPhase section */

/* Begin PBXSourcesBuildPhase section */
		1D60588E0D05DD3D006BFB54 /* Sources */ = {
			isa = PBXSourcesBuildPhase;
			buildActionMask = 2147483647;
			files = (
				1D60589B0D05DD56006BFB54 /* main.m in Sources */,
				1D3623260D0F684500981E51 /* AppDelegate.m in Sources */,
				302D95F114D2391D003F00A1 /* MainViewController.m in Sources */,
				8BD969B2121843C784D61887 /* PhotoViewer.m in Sources */,
				AF6F8FF70AEB4E73AF63FED9 /* AudioRecorderPlugin.m in Sources */,
				F5737BD835D14FD28F6749B8 /* AudioRecorderVC.m in Sources */,
				B84D748352A841C686AC1DEC /* UIImage+CropScaleOrientation.m in Sources */,
				467599D46C6740858166A0DB /* CDVCamera.m in Sources */,
				2776BAA828354437A2C2EBD6 /* CDVJpegHeaderWriter.m in Sources */,
				113EAC0EAF1B4AE9A8F9B60F /* CDVDevice.m in Sources */,
				B5FE668DC9664978A1F3F374 /* CDVNotification.m in Sources */,
				1D37F21C404148BBB48DC6B7 /* CDVFile.m in Sources */,
				B7ADDD15D24B47AEBBA8F8BA /* CDVLocalFilesystem.m in Sources */,
				D0564B9756F6438198D28824 /* CDVAssetLibraryFilesystem.m in Sources */,
				75B3D051836041D3968771C5 /* FileOpener2.m in Sources */,
				758DE60D884A41A0A86FB914 /* CDVFileTransfer.m in Sources */,
				6973C1ABC8264674823DE0DF /* GalleryRefresh.m in Sources */,
				D36171535A504934B31DE5CA /* CDVCapture.m in Sources */,
				D183A8E7A30C438DA862FF89 /* CDVSplashScreen.m in Sources */,
				76C4D7A230CA472EA69A05C5 /* CDVViewController+SplashScreen.m in Sources */,
				CD24B8EB8F1D4666825764A2 /* CDVInAppBrowser.m in Sources */,
				38627569EE134945A34884D5 /* CDVInAppBrowserOptions.m in Sources */,
				E6DF5569C00A4463ADC89BDE /* CDVInAppBrowserNavigationController.m in Sources */,
				76A1BA43BB034515A7230638 /* CDVUIInAppBrowser.m in Sources */,
				1A2918E5ACA742E486B81D28 /* CDVWKInAppBrowser.m in Sources */,
				5974683FB8354846A8C37F1B /* CDVWKInAppBrowserUIDelegate.m in Sources */,
				71C35CCB7C7C4A23BF0FE0F6 /* APPBadge.m in Sources */,
				75AC7CCF091C4319BE450916 /* APPLocalNotification.m in Sources */,
				6F3EA45981194D5A9BA9360C /* APPNotificationCategory.m in Sources */,
				551CA9852F084FCD9125405D /* APPNotificationContent.m in Sources */,
				AD4D7307B9F3462F85ED3A4B /* APPNotificationOptions.m in Sources */,
				6216355197DB4795AE1C998D /* UNUserNotificationCenter+APPLocalNotification.m in Sources */,
				21E14DFCE4CC419AB54DE6A9 /* UNNotificationRequest+APPLocalNotification.m in Sources */,
				23418E024C194F9FB3629A85 /* APPBackgroundMode.m in Sources */,
				72AEC019A99A40F9AC3B4595 /* APPMethodMagic.m in Sources */,
				89C4A5584E6C4A668F350063 /* CDVVibration.m in Sources */,
			);
			runOnlyForDeploymentPostprocessing = 0;
		};
/* End PBXSourcesBuildPhase section */

/* Begin PBXTargetDependency section */
		301BF551109A68C00062928A /* PBXTargetDependency */ = {
			isa = PBXTargetDependency;
			name = CordovaLib;
			targetProxy = 301BF550109A68C00062928A /* PBXContainerItemProxy */;
		};
/* End PBXTargetDependency section */

/* Begin XCBuildConfiguration section */
		1D6058940D05DD3E006BFB54 /* Debug */ = {
			isa = XCBuildConfiguration;
			baseConfigurationReference = 3047A50F1AB8059700498E2A /* build-debug.xcconfig */;
			buildSettings = {
				ALWAYS_SEARCH_USER_PATHS = NO;
				ASSETCATALOG_COMPILER_APPICON_NAME = AppIcon;
				ASSETCATALOG_COMPILER_LAUNCHIMAGE_NAME = LaunchImage;
				CLANG_ENABLE_MODULES = YES;
				CLANG_ENABLE_OBJC_ARC = YES;
				COPY_PHASE_STRIP = NO;
				GCC_DYNAMIC_NO_PIC = NO;
				GCC_OPTIMIZATION_LEVEL = 0;
				GCC_PRECOMPILE_PREFIX_HEADER = YES;
				GCC_PREFIX_HEADER = "GPAX/GPAX-Prefix.pch";
				GCC_THUMB_SUPPORT = NO;
				GCC_VERSION = "";
				INFOPLIST_FILE = "GPAX/GPAX-Info.plist";
				IPHONEOS_DEPLOYMENT_TARGET = 10.0;
				LD_RUNPATH_SEARCH_PATHS = "@executable_path/Frameworks";
				PRODUCT_BUNDLE_IDENTIFIER = io.cordova.gpax;
				PRODUCT_NAME = "$(TARGET_NAME)";
				TARGETED_DEVICE_FAMILY = "1,2";
			};
			name = Debug;
		};
		1D6058950D05DD3E006BFB54 /* Release */ = {
			isa = XCBuildConfiguration;
			baseConfigurationReference = 3047A5101AB8059700498E2A /* build-release.xcconfig */;
			buildSettings = {
				ALWAYS_SEARCH_USER_PATHS = NO;
				ASSETCATALOG_COMPILER_APPICON_NAME = AppIcon;
				ASSETCATALOG_COMPILER_LAUNCHIMAGE_NAME = LaunchImage;
				CLANG_ENABLE_MODULES = YES;
				CLANG_ENABLE_OBJC_ARC = YES;
				COPY_PHASE_STRIP = YES;
				GCC_PRECOMPILE_PREFIX_HEADER = YES;
				GCC_PREFIX_HEADER = "GPAX/GPAX-Prefix.pch";
				GCC_THUMB_SUPPORT = NO;
				GCC_VERSION = "";
				INFOPLIST_FILE = "GPAX/GPAX-Info.plist";
				IPHONEOS_DEPLOYMENT_TARGET = 10.0;
				LD_RUNPATH_SEARCH_PATHS = "@executable_path/Frameworks";
				PRODUCT_BUNDLE_IDENTIFIER = io.cordova.gpax;
				PRODUCT_NAME = "$(TARGET_NAME)";
				TARGETED_DEVICE_FAMILY = "1,2";
			};
			name = Release;
		};
		C01FCF4F08A954540054247B /* Debug */ = {
			isa = XCBuildConfiguration;
			baseConfigurationReference = 3047A5111AB8059700498E2A /* build.xcconfig */;
			buildSettings = {
				CLANG_ENABLE_MODULES = YES;
				CLANG_ENABLE_OBJC_ARC = YES;
				CLANG_WARN_BLOCK_CAPTURE_AUTORELEASING = YES;
				CLANG_WARN_BOOL_CONVERSION = YES;
				CLANG_WARN_COMMA = YES;
				CLANG_WARN_CONSTANT_CONVERSION = YES;
				CLANG_WARN_DEPRECATED_OBJC_IMPLEMENTATIONS = YES;
				CLANG_WARN_EMPTY_BODY = YES;
				CLANG_WARN_ENUM_CONVERSION = YES;
				CLANG_WARN_INFINITE_RECURSION = YES;
				CLANG_WARN_INT_CONVERSION = YES;
				CLANG_WARN_NON_LITERAL_NULL_CONVERSION = YES;
				CLANG_WARN_OBJC_IMPLICIT_RETAIN_SELF = YES;
				CLANG_WARN_OBJC_LITERAL_CONVERSION = YES;
				CLANG_WARN_RANGE_LOOP_ANALYSIS = YES;
				CLANG_WARN_STRICT_PROTOTYPES = YES;
				CLANG_WARN_SUSPICIOUS_MOVE = YES;
				CLANG_WARN_UNREACHABLE_CODE = YES;
				CLANG_WARN__DUPLICATE_METHOD_MATCH = YES;
				ENABLE_STRICT_OBJC_MSGSEND = YES;
				ENABLE_TESTABILITY = YES;
				GCC_C_LANGUAGE_STANDARD = c99;
				GCC_NO_COMMON_BLOCKS = YES;
				GCC_THUMB_SUPPORT = NO;
				GCC_VERSION = "";
				GCC_WARN_64_TO_32_BIT_CONVERSION = YES;
				GCC_WARN_ABOUT_RETURN_TYPE = YES;
				GCC_WARN_UNDECLARED_SELECTOR = YES;
				GCC_WARN_UNINITIALIZED_AUTOS = YES;
				GCC_WARN_UNUSED_FUNCTION = YES;
				GCC_WARN_UNUSED_VARIABLE = YES;
				ONLY_ACTIVE_ARCH = YES;
				SDKROOT = iphoneos;
				SKIP_INSTALL = NO;
				WK_WEB_VIEW_ONLY = 0;
				PRODUCT_BUNDLE_IDENTIFIER = io.cordova.gpax;
			};
			name = Debug;
		};
		C01FCF5008A954540054247B /* Release */ = {
			isa = XCBuildConfiguration;
			baseConfigurationReference = 3047A5111AB8059700498E2A /* build.xcconfig */;
			buildSettings = {
				CLANG_ENABLE_MODULES = YES;
				CLANG_ENABLE_OBJC_ARC = YES;
				CLANG_WARN_BLOCK_CAPTURE_AUTORELEASING = YES;
				CLANG_WARN_BOOL_CONVERSION = YES;
				CLANG_WARN_COMMA = YES;
				CLANG_WARN_CONSTANT_CONVERSION = YES;
				CLANG_WARN_DEPRECATED_OBJC_IMPLEMENTATIONS = YES;
				CLANG_WARN_EMPTY_BODY = YES;
				CLANG_WARN_ENUM_CONVERSION = YES;
				CLANG_WARN_INFINITE_RECURSION = YES;
				CLANG_WARN_INT_CONVERSION = YES;
				CLANG_WARN_NON_LITERAL_NULL_CONVERSION = YES;
				CLANG_WARN_OBJC_IMPLICIT_RETAIN_SELF = YES;
				CLANG_WARN_OBJC_LITERAL_CONVERSION = YES;
				CLANG_WARN_RANGE_LOOP_ANALYSIS = YES;
				CLANG_WARN_STRICT_PROTOTYPES = YES;
				CLANG_WARN_SUSPICIOUS_MOVE = YES;
				CLANG_WARN_UNREACHABLE_CODE = YES;
				CLANG_WARN__DUPLICATE_METHOD_MATCH = YES;
				ENABLE_STRICT_OBJC_MSGSEND = YES;
				GCC_C_LANGUAGE_STANDARD = c99;
				GCC_NO_COMMON_BLOCKS = YES;
				GCC_THUMB_SUPPORT = NO;
				GCC_VERSION = "";
				GCC_WARN_64_TO_32_BIT_CONVERSION = YES;
				GCC_WARN_ABOUT_RETURN_TYPE = YES;
				GCC_WARN_UNDECLARED_SELECTOR = YES;
				GCC_WARN_UNINITIALIZED_AUTOS = YES;
				GCC_WARN_UNUSED_FUNCTION = YES;
				GCC_WARN_UNUSED_VARIABLE = YES;
				SDKROOT = iphoneos;
				SKIP_INSTALL = NO;
				WK_WEB_VIEW_ONLY = 0;
				PRODUCT_BUNDLE_IDENTIFIER = io.cordova.gpax;
			};
			name = Release;
		};
/* End XCBuildConfiguration section */

/* Begin XCConfigurationList section */
		1D6058960D05DD3E006BFB54 /* Build configuration list for PBXNativeTarget "GPAX" */ = {
			isa = XCConfigurationList;
			buildConfigurations = (
				1D6058940D05DD3E006BFB54 /* Debug */,
				1D6058950D05DD3E006BFB54 /* Release */,
			);
			defaultConfigurationIsVisible = 0;
			defaultConfigurationName = Release;
		};
		C01FCF4E08A954540054247B /* Build configuration list for PBXProject "GPAX" */ = {
			isa = XCConfigurationList;
			buildConfigurations = (
				C01FCF4F08A954540054247B /* Debug */,
				C01FCF5008A954540054247B /* Release */,
			);
			defaultConfigurationIsVisible = 0;
			defaultConfigurationName = Release;
		};
/* End XCConfigurationList section */
	};
	rootObject = 29B97313FDCFA39411CA2CEA /* Project object */;
}
